// !$*UTF8*$!
{
	archiveVersion = 1;
	classes = {
	};
	objectVersion = 46;
	objects = {

/* Begin PBXBuildFile section */
		6315356D1DFF8B1A00266443 /* protocolo.png in Resources */ = {isa = PBXBuildFile; fileRef = 6315356C1DFF8B1A00266443 /* protocolo.png */; };
		63495D1F1DE4F9AA008C51E5 /* AppDelegate.swift in Sources */ = {isa = PBXBuildFile; fileRef = 63495D1E1DE4F9AA008C51E5 /* AppDelegate.swift */; };
		63495D211DE4F9AA008C51E5 /* ViewController.swift in Sources */ = {isa = PBXBuildFile; fileRef = 63495D201DE4F9AA008C51E5 /* ViewController.swift */; };
		63495D241DE4F9AA008C51E5 /* Main.storyboard in Resources */ = {isa = PBXBuildFile; fileRef = 63495D221DE4F9AA008C51E5 /* Main.storyboard */; };
		63495D271DE4F9AA008C51E5 /* Protocolo.xcdatamodeld in Sources */ = {isa = PBXBuildFile; fileRef = 63495D251DE4F9AA008C51E5 /* Protocolo.xcdatamodeld */; };
		63495D291DE4F9AA008C51E5 /* Assets.xcassets in Resources */ = {isa = PBXBuildFile; fileRef = 63495D281DE4F9AA008C51E5 /* Assets.xcassets */; };
		63495D2C1DE4F9AA008C51E5 /* LaunchScreen.storyboard in Resources */ = {isa = PBXBuildFile; fileRef = 63495D2A1DE4F9AA008C51E5 /* LaunchScreen.storyboard */; };
		63495D341DE50AF2008C51E5 /* TableViewCell.swift in Sources */ = {isa = PBXBuildFile; fileRef = 63495D331DE50AF2008C51E5 /* TableViewCell.swift */; };
		63495D361DE5103E008C51E5 /* right.png in Resources */ = {isa = PBXBuildFile; fileRef = 63495D351DE5103E008C51E5 /* right.png */; };
		63495D381DE5140C008C51E5 /* AddProtocoloViewController.swift in Sources */ = {isa = PBXBuildFile; fileRef = 63495D371DE5140C008C51E5 /* AddProtocoloViewController.swift */; };
		63495D3A1DE514BE008C51E5 /* Protocolo.swift in Sources */ = {isa = PBXBuildFile; fileRef = 63495D391DE514BE008C51E5 /* Protocolo.swift */; };
		638831961E0CBDBC00D565A0 /* Bolts.framework in Frameworks */ = {isa = PBXBuildFile; fileRef = 638831941E0CBDBC00D565A0 /* Bolts.framework */; };
		638831971E0CBDBC00D565A0 /* Parse.framework in Frameworks */ = {isa = PBXBuildFile; fileRef = 638831951E0CBDBC00D565A0 /* Parse.framework */; };
		638D542B1E0CBC2B004EFAA7 /* AudioToolbox.framework in Frameworks */ = {isa = PBXBuildFile; fileRef = 638D542A1E0CBC2B004EFAA7 /* AudioToolbox.framework */; };
		638D542D1E0CBC37004EFAA7 /* CFNetwork.framework in Frameworks */ = {isa = PBXBuildFile; fileRef = 638D542C1E0CBC37004EFAA7 /* CFNetwork.framework */; };
		638D542F1E0CBC43004EFAA7 /* CoreGraphics.framework in Frameworks */ = {isa = PBXBuildFile; fileRef = 638D542E1E0CBC43004EFAA7 /* CoreGraphics.framework */; };
		638D54311E0CBC4E004EFAA7 /* CoreLocation.framework in Frameworks */ = {isa = PBXBuildFile; fileRef = 638D54301E0CBC4E004EFAA7 /* CoreLocation.framework */; };
		638D54331E0CBC58004EFAA7 /* QuartzCore.framework in Frameworks */ = {isa = PBXBuildFile; fileRef = 638D54321E0CBC58004EFAA7 /* QuartzCore.framework */; };
		638D54351E0CBC62004EFAA7 /* Security.framework in Frameworks */ = {isa = PBXBuildFile; fileRef = 638D54341E0CBC62004EFAA7 /* Security.framework */; };
		638D54371E0CBC6B004EFAA7 /* StoreKit.framework in Frameworks */ = {isa = PBXBuildFile; fileRef = 638D54361E0CBC6B004EFAA7 /* StoreKit.framework */; };
		638D54391E0CBC76004EFAA7 /* SystemConfiguration.framework in Frameworks */ = {isa = PBXBuildFile; fileRef = 638D54381E0CBC76004EFAA7 /* SystemConfiguration.framework */; };
		638D543B1E0CBC87004EFAA7 /* libz.tbd in Frameworks */ = {isa = PBXBuildFile; fileRef = 638D543A1E0CBC87004EFAA7 /* libz.tbd */; };
		638D543D1E0CBC91004EFAA7 /* libsqlite3.tbd in Frameworks */ = {isa = PBXBuildFile; fileRef = 638D543C1E0CBC91004EFAA7 /* libsqlite3.tbd */; };
		638D543E1E0CBCF8004EFAA7 /* Bolts.framework in Frameworks */ = {isa = PBXBuildFile; fileRef = 638D54251E0CBBE0004EFAA7 /* Bolts.framework */; };
		638D54401E0CBCF8004EFAA7 /* Parse.framework in Frameworks */ = {isa = PBXBuildFile; fileRef = 638D54261E0CBBE0004EFAA7 /* Parse.framework */; };
		63AC4E8B1DE520F70054993A /* Validadores.swift in Sources */ = {isa = PBXBuildFile; fileRef = 63AC4E8A1DE520F70054993A /* Validadores.swift */; };
/* End PBXBuildFile section */

/* Begin PBXCopyFilesBuildPhase section */
		638D54421E0CBCF8004EFAA7 /* Embed Frameworks */ = {
			isa = PBXCopyFilesBuildPhase;
			buildActionMask = 2147483647;
			dstPath = "";
			dstSubfolderSpec = 10;
			files = (
			);
			name = "Embed Frameworks";
			runOnlyForDeploymentPostprocessing = 0;
		};
/* End PBXCopyFilesBuildPhase section */

/* Begin PBXFileReference section */
		6315356C1DFF8B1A00266443 /* protocolo.png */ = {isa = PBXFileReference; lastKnownFileType = image.png; path = protocolo.png; sourceTree = "<group>"; };
		63495D1B1DE4F9AA008C51E5 /* Protocolo.app */ = {isa = PBXFileReference; explicitFileType = wrapper.application; includeInIndex = 0; path = Protocolo.app; sourceTree = BUILT_PRODUCTS_DIR; };
		63495D1E1DE4F9AA008C51E5 /* AppDelegate.swift */ = {isa = PBXFileReference; lastKnownFileType = sourcecode.swift; path = AppDelegate.swift; sourceTree = "<group>"; };
		63495D201DE4F9AA008C51E5 /* ViewController.swift */ = {isa = PBXFileReference; lastKnownFileType = sourcecode.swift; path = ViewController.swift; sourceTree = "<group>"; };
		63495D231DE4F9AA008C51E5 /* Base */ = {isa = PBXFileReference; lastKnownFileType = file.storyboard; name = Base; path = Base.lproj/Main.storyboard; sourceTree = "<group>"; };
		63495D261DE4F9AA008C51E5 /* Protocolo.xcdatamodel */ = {isa = PBXFileReference; lastKnownFileType = wrapper.xcdatamodel; path = Protocolo.xcdatamodel; sourceTree = "<group>"; };
		63495D281DE4F9AA008C51E5 /* Assets.xcassets */ = {isa = PBXFileReference; lastKnownFileType = folder.assetcatalog; path = Assets.xcassets; sourceTree = "<group>"; };
		63495D2B1DE4F9AA008C51E5 /* Base */ = {isa = PBXFileReference; lastKnownFileType = file.storyboard; name = Base; path = Base.lproj/LaunchScreen.storyboard; sourceTree = "<group>"; };
		63495D2D1DE4F9AA008C51E5 /* Info.plist */ = {isa = PBXFileReference; lastKnownFileType = text.plist.xml; path = Info.plist; sourceTree = "<group>"; };
		63495D331DE50AF2008C51E5 /* TableViewCell.swift */ = {isa = PBXFileReference; fileEncoding = 4; lastKnownFileType = sourcecode.swift; path = TableViewCell.swift; sourceTree = "<group>"; };
		63495D351DE5103E008C51E5 /* right.png */ = {isa = PBXFileReference; lastKnownFileType = image.png; path = right.png; sourceTree = "<group>"; };
		63495D371DE5140C008C51E5 /* AddProtocoloViewController.swift */ = {isa = PBXFileReference; fileEncoding = 4; lastKnownFileType = sourcecode.swift; path = AddProtocoloViewController.swift; sourceTree = "<group>"; };
		63495D391DE514BE008C51E5 /* Protocolo.swift */ = {isa = PBXFileReference; fileEncoding = 4; lastKnownFileType = sourcecode.swift; path = Protocolo.swift; sourceTree = "<group>"; };
		638831941E0CBDBC00D565A0 /* Bolts.framework */ = {isa = PBXFileReference; lastKnownFileType = wrapper.framework; path = Bolts.framework; sourceTree = "<group>"; };
		638831951E0CBDBC00D565A0 /* Parse.framework */ = {isa = PBXFileReference; lastKnownFileType = wrapper.framework; path = Parse.framework; sourceTree = "<group>"; };
		638D54251E0CBBE0004EFAA7 /* Bolts.framework */ = {isa = PBXFileReference; lastKnownFileType = wrapper.framework; name = Bolts.framework; path = "/Users/kleitonbatista/Documents/Frameworks/Parse-iOS/Bolts.framework"; sourceTree = "<absolute>"; };
		638D54261E0CBBE0004EFAA7 /* Parse.framework */ = {isa = PBXFileReference; lastKnownFileType = wrapper.framework; name = Parse.framework; path = "/Users/kleitonbatista/Documents/Frameworks/Parse-iOS/Parse.framework"; sourceTree = "<absolute>"; };
		638D542A1E0CBC2B004EFAA7 /* AudioToolbox.framework */ = {isa = PBXFileReference; lastKnownFileType = wrapper.framework; name = AudioToolbox.framework; path = System/Library/Frameworks/AudioToolbox.framework; sourceTree = SDKROOT; };
		638D542C1E0CBC37004EFAA7 /* CFNetwork.framework */ = {isa = PBXFileReference; lastKnownFileType = wrapper.framework; name = CFNetwork.framework; path = System/Library/Frameworks/CFNetwork.framework; sourceTree = SDKROOT; };
		638D542E1E0CBC43004EFAA7 /* CoreGraphics.framework */ = {isa = PBXFileReference; lastKnownFileType = wrapper.framework; name = CoreGraphics.framework; path = System/Library/Frameworks/CoreGraphics.framework; sourceTree = SDKROOT; };
		638D54301E0CBC4E004EFAA7 /* CoreLocation.framework */ = {isa = PBXFileReference; lastKnownFileType = wrapper.framework; name = CoreLocation.framework; path = System/Library/Frameworks/CoreLocation.framework; sourceTree = SDKROOT; };
		638D54321E0CBC58004EFAA7 /* QuartzCore.framework */ = {isa = PBXFileReference; lastKnownFileType = wrapper.framework; name = QuartzCore.framework; path = System/Library/Frameworks/QuartzCore.framework; sourceTree = SDKROOT; };
		638D54341E0CBC62004EFAA7 /* Security.framework */ = {isa = PBXFileReference; lastKnownFileType = wrapper.framework; name = Security.framework; path = System/Library/Frameworks/Security.framework; sourceTree = SDKROOT; };
		638D54361E0CBC6B004EFAA7 /* StoreKit.framework */ = {isa = PBXFileReference; lastKnownFileType = wrapper.framework; name = StoreKit.framework; path = System/Library/Frameworks/StoreKit.framework; sourceTree = SDKROOT; };
		638D54381E0CBC76004EFAA7 /* SystemConfiguration.framework */ = {isa = PBXFileReference; lastKnownFileType = wrapper.framework; name = SystemConfiguration.framework; path = System/Library/Frameworks/SystemConfiguration.framework; sourceTree = SDKROOT; };
		638D543A1E0CBC87004EFAA7 /* libz.tbd */ = {isa = PBXFileReference; lastKnownFileType = "sourcecode.text-based-dylib-definition"; name = libz.tbd; path = usr/lib/libz.tbd; sourceTree = SDKROOT; };
		638D543C1E0CBC91004EFAA7 /* libsqlite3.tbd */ = {isa = PBXFileReference; lastKnownFileType = "sourcecode.text-based-dylib-definition"; name = libsqlite3.tbd; path = usr/lib/libsqlite3.tbd; sourceTree = SDKROOT; };
		63AC4E8A1DE520F70054993A /* Validadores.swift */ = {isa = PBXFileReference; fileEncoding = 4; lastKnownFileType = sourcecode.swift; name = Validadores.swift; path = Protocolo/Utilidades/Validadores.swift; sourceTree = "<group>"; };
/* End PBXFileReference section */

/* Begin PBXFrameworksBuildPhase section */
		63495D181DE4F9AA008C51E5 /* Frameworks */ = {
			isa = PBXFrameworksBuildPhase;
			buildActionMask = 2147483647;
			files = (
				638D543D1E0CBC91004EFAA7 /* libsqlite3.tbd in Frameworks */,
				638D543B1E0CBC87004EFAA7 /* libz.tbd in Frameworks */,
				638D54391E0CBC76004EFAA7 /* SystemConfiguration.framework in Frameworks */,
				638D54371E0CBC6B004EFAA7 /* StoreKit.framework in Frameworks */,
				638D54351E0CBC62004EFAA7 /* Security.framework in Frameworks */,
				638D54331E0CBC58004EFAA7 /* QuartzCore.framework in Frameworks */,
				638D54311E0CBC4E004EFAA7 /* CoreLocation.framework in Frameworks */,
				638831961E0CBDBC00D565A0 /* Bolts.framework in Frameworks */,
				638D543E1E0CBCF8004EFAA7 /* Bolts.framework in Frameworks */,
				638D542F1E0CBC43004EFAA7 /* CoreGraphics.framework in Frameworks */,
				638831971E0CBDBC00D565A0 /* Parse.framework in Frameworks */,
				638D542D1E0CBC37004EFAA7 /* CFNetwork.framework in Frameworks */,
				638D54401E0CBCF8004EFAA7 /* Parse.framework in Frameworks */,
				638D542B1E0CBC2B004EFAA7 /* AudioToolbox.framework in Frameworks */,
			);
			runOnlyForDeploymentPostprocessing = 0;
		};
/* End PBXFrameworksBuildPhase section */

/* Begin PBXGroup section */
		6315356B1DFF8AFE00266443 /* img */ = {
			isa = PBXGroup;
			children = (
				6315356C1DFF8B1A00266443 /* protocolo.png */,
			);
			name = img;
			sourceTree = "<group>";
		};
		63495D121DE4F9AA008C51E5 = {
			isa = PBXGroup;
			children = (
				638D54241E0CBB91004EFAA7 /* Framework */,
				6315356B1DFF8AFE00266443 /* img */,
				63AC4E8C1DE5210B0054993A /* Utilidades */,
				63495D1D1DE4F9AA008C51E5 /* Protocolo */,
				63495D1C1DE4F9AA008C51E5 /* Products */,
				638D54291E0CBC2B004EFAA7 /* Frameworks */,
			);
			sourceTree = "<group>";
		};
		63495D1C1DE4F9AA008C51E5 /* Products */ = {
			isa = PBXGroup;
			children = (
				63495D1B1DE4F9AA008C51E5 /* Protocolo.app */,
			);
			name = Products;
			sourceTree = "<group>";
		};
		63495D1D1DE4F9AA008C51E5 /* Protocolo */ = {
			isa = PBXGroup;
			children = (
				63AC4E891DE520D50054993A /* entidade */,
				63495D351DE5103E008C51E5 /* right.png */,
				63495D1E1DE4F9AA008C51E5 /* AppDelegate.swift */,
				63495D201DE4F9AA008C51E5 /* ViewController.swift */,
				63495D221DE4F9AA008C51E5 /* Main.storyboard */,
				63495D281DE4F9AA008C51E5 /* Assets.xcassets */,
				63495D2A1DE4F9AA008C51E5 /* LaunchScreen.storyboard */,
				63495D2D1DE4F9AA008C51E5 /* Info.plist */,
				63495D251DE4F9AA008C51E5 /* Protocolo.xcdatamodeld */,
				63495D331DE50AF2008C51E5 /* TableViewCell.swift */,
				63495D371DE5140C008C51E5 /* AddProtocoloViewController.swift */,
			);
			path = Protocolo;
			sourceTree = "<group>";
		};
		638D54241E0CBB91004EFAA7 /* Framework */ = {
			isa = PBXGroup;
			children = (
				638831941E0CBDBC00D565A0 /* Bolts.framework */,
				638831951E0CBDBC00D565A0 /* Parse.framework */,
			);
			name = Framework;
			sourceTree = "<group>";
		};
		638D54291E0CBC2B004EFAA7 /* Frameworks */ = {
			isa = PBXGroup;
			children = (
				638D543C1E0CBC91004EFAA7 /* libsqlite3.tbd */,
				638D543A1E0CBC87004EFAA7 /* libz.tbd */,
				638D54381E0CBC76004EFAA7 /* SystemConfiguration.framework */,
				638D54361E0CBC6B004EFAA7 /* StoreKit.framework */,
				638D54341E0CBC62004EFAA7 /* Security.framework */,
				638D54321E0CBC58004EFAA7 /* QuartzCore.framework */,
				638D54301E0CBC4E004EFAA7 /* CoreLocation.framework */,
				638D542E1E0CBC43004EFAA7 /* CoreGraphics.framework */,
				638D542C1E0CBC37004EFAA7 /* CFNetwork.framework */,
				638D542A1E0CBC2B004EFAA7 /* AudioToolbox.framework */,
			);
			name = Frameworks;
			sourceTree = "<group>";
		};
		63AC4E891DE520D50054993A /* entidade */ = {
			isa = PBXGroup;
			children = (
				63495D391DE514BE008C51E5 /* Protocolo.swift */,
			);
			name = entidade;
			sourceTree = "<group>";
		};
		63AC4E8C1DE5210B0054993A /* Utilidades */ = {
			isa = PBXGroup;
			children = (
				63AC4E8A1DE520F70054993A /* Validadores.swift */,
			);
			name = Utilidades;
			sourceTree = "<group>";
		};
/* End PBXGroup section */

/* Begin PBXNativeTarget section */
		63495D1A1DE4F9AA008C51E5 /* Protocolo */ = {
			isa = PBXNativeTarget;
			buildConfigurationList = 63495D301DE4F9AA008C51E5 /* Build configuration list for PBXNativeTarget "Protocolo" */;
			buildPhases = (
				63495D171DE4F9AA008C51E5 /* Sources */,
				63495D181DE4F9AA008C51E5 /* Frameworks */,
				63495D191DE4F9AA008C51E5 /* Resources */,
				638D54421E0CBCF8004EFAA7 /* Embed Frameworks */,
			);
			buildRules = (
			);
			dependencies = (
			);
			name = Protocolo;
			productName = Protocolo;
			productReference = 63495D1B1DE4F9AA008C51E5 /* Protocolo.app */;
			productType = "com.apple.product-type.application";
		};
/* End PBXNativeTarget section */

/* Begin PBXProject section */
		63495D131DE4F9AA008C51E5 /* Project object */ = {
			isa = PBXProject;
			attributes = {
				LastSwiftUpdateCheck = 0730;
				LastUpgradeCheck = 0730;
				ORGANIZATIONNAME = "Kleiton Batista";
				TargetAttributes = {
					63495D1A1DE4F9AA008C51E5 = {
						CreatedOnToolsVersion = 7.3.1;
						DevelopmentTeam = 2NP85M2W3W;
						LastSwiftMigration = 0810;
					};
				};
			};
			buildConfigurationList = 63495D161DE4F9AA008C51E5 /* Build configuration list for PBXProject "Protocolo" */;
			compatibilityVersion = "Xcode 3.2";
			developmentRegion = English;
			hasScannedForEncodings = 0;
			knownRegions = (
				en,
				Base,
			);
			mainGroup = 63495D121DE4F9AA008C51E5;
			productRefGroup = 63495D1C1DE4F9AA008C51E5 /* Products */;
			projectDirPath = "";
			projectRoot = "";
			targets = (
				63495D1A1DE4F9AA008C51E5 /* Protocolo */,
			);
		};
/* End PBXProject section */

/* Begin PBXResourcesBuildPhase section */
		63495D191DE4F9AA008C51E5 /* Resources */ = {
			isa = PBXResourcesBuildPhase;
			buildActionMask = 2147483647;
			files = (
				63495D2C1DE4F9AA008C51E5 /* LaunchScreen.storyboard in Resources */,
				6315356D1DFF8B1A00266443 /* protocolo.png in Resources */,
				63495D361DE5103E008C51E5 /* right.png in Resources */,
				63495D291DE4F9AA008C51E5 /* Assets.xcassets in Resources */,
				63495D241DE4F9AA008C51E5 /* Main.storyboard in Resources */,
			);
			runOnlyForDeploymentPostprocessing = 0;
		};
/* End PBXResourcesBuildPhase section */

/* Begin PBXSourcesBuildPhase section */
		63495D171DE4F9AA008C51E5 /* Sources */ = {
			isa = PBXSourcesBuildPhase;
			buildActionMask = 2147483647;
			files = (
				63495D211DE4F9AA008C51E5 /* ViewController.swift in Sources */,
				63495D341DE50AF2008C51E5 /* TableViewCell.swift in Sources */,
				63AC4E8B1DE520F70054993A /* Validadores.swift in Sources */,
				63495D381DE5140C008C51E5 /* AddProtocoloViewController.swift in Sources */,
				63495D271DE4F9AA008C51E5 /* Protocolo.xcdatamodeld in Sources */,
				63495D1F1DE4F9AA008C51E5 /* AppDelegate.swift in Sources */,
				63495D3A1DE514BE008C51E5 /* Protocolo.swift in Sources */,
			);
			runOnlyForDeploymentPostprocessing = 0;
		};
/* End PBXSourcesBuildPhase section */

/* Begin PBXVariantGroup section */
		63495D221DE4F9AA008C51E5 /* Main.storyboard */ = {
			isa = PBXVariantGroup;
			children = (
				63495D231DE4F9AA008C51E5 /* Base */,
			);
			name = Main.storyboard;
			sourceTree = "<group>";
		};
		63495D2A1DE4F9AA008C51E5 /* LaunchScreen.storyboard */ = {
			isa = PBXVariantGroup;
			children = (
				63495D2B1DE4F9AA008C51E5 /* Base */,
			);
			name = LaunchScreen.storyboard;
			sourceTree = "<group>";
		};
/* End PBXVariantGroup section */

/* Begin XCBuildConfiguration section */
		63495D2E1DE4F9AA008C51E5 /* Debug */ = {
			isa = XCBuildConfiguration;
			buildSettings = {
				ALWAYS_SEARCH_USER_PATHS = NO;
				CLANG_ANALYZER_NONNULL = YES;
				CLANG_CXX_LANGUAGE_STANDARD = "gnu++0x";
				CLANG_CXX_LIBRARY = "libc++";
				CLANG_ENABLE_MODULES = YES;
				CLANG_ENABLE_OBJC_ARC = YES;
				CLANG_WARN_BOOL_CONVERSION = YES;
				CLANG_WARN_CONSTANT_CONVERSION = YES;
				CLANG_WARN_DIRECT_OBJC_ISA_USAGE = YES_ERROR;
				CLANG_WARN_EMPTY_BODY = YES;
				CLANG_WARN_ENUM_CONVERSION = YES;
				CLANG_WARN_INT_CONVERSION = YES;
				CLANG_WARN_OBJC_ROOT_CLASS = YES_ERROR;
				CLANG_WARN_UNREACHABLE_CODE = YES;
				CLANG_WARN__DUPLICATE_METHOD_MATCH = YES;
				"CODE_SIGN_IDENTITY[sdk=iphoneos*]" = "iPhone Developer";
				COPY_PHASE_STRIP = NO;
				DEBUG_INFORMATION_FORMAT = dwarf;
				ENABLE_STRICT_OBJC_MSGSEND = YES;
				ENABLE_TESTABILITY = YES;
				GCC_C_LANGUAGE_STANDARD = gnu99;
				GCC_DYNAMIC_NO_PIC = NO;
				GCC_NO_COMMON_BLOCKS = YES;
				GCC_OPTIMIZATION_LEVEL = 0;
				GCC_PREPROCESSOR_DEFINITIONS = (
					"DEBUG=1",
					"$(inherited)",
				);
				GCC_WARN_64_TO_32_BIT_CONVERSION = YES;
				GCC_WARN_ABOUT_RETURN_TYPE = YES_ERROR;
				GCC_WARN_UNDECLARED_SELECTOR = YES;
				GCC_WARN_UNINITIALIZED_AUTOS = YES_AGGRESSIVE;
				GCC_WARN_UNUSED_FUNCTION = YES;
				GCC_WARN_UNUSED_VARIABLE = YES;
				IPHONEOS_DEPLOYMENT_TARGET = 9.3;
				MTL_ENABLE_DEBUG_INFO = YES;
				ONLY_ACTIVE_ARCH = YES;
				SDKROOT = iphoneos;
				SWIFT_OPTIMIZATION_LEVEL = "-Onone";
				TARGETED_DEVICE_FAMILY = "1,2";
			};
			name = Debug;
		};
		63495D2F1DE4F9AA008C51E5 /* Release */ = {
			isa = XCBuildConfiguration;
			buildSettings = {
				ALWAYS_SEARCH_USER_PATHS = NO;
				CLANG_ANALYZER_NONNULL = YES;
				CLANG_CXX_LANGUAGE_STANDARD = "gnu++0x";
				CLANG_CXX_LIBRARY = "libc++";
				CLANG_ENABLE_MODULES = YES;
				CLANG_ENABLE_OBJC_ARC = YES;
				CLANG_WARN_BOOL_CONVERSION = YES;
				CLANG_WARN_CONSTANT_CONVERSION = YES;
				CLANG_WARN_DIRECT_OBJC_ISA_USAGE = YES_ERROR;
				CLANG_WARN_EMPTY_BODY = YES;
				CLANG_WARN_ENUM_CONVERSION = YES;
				CLANG_WARN_INT_CONVERSION = YES;
				CLANG_WARN_OBJC_ROOT_CLASS = YES_ERROR;
				CLANG_WARN_UNREACHABLE_CODE = YES;
				CLANG_WARN__DUPLICATE_METHOD_MATCH = YES;
				"CODE_SIGN_IDENTITY[sdk=iphoneos*]" = "iPhone Developer";
				COPY_PHASE_STRIP = NO;
				DEBUG_INFORMATION_FORMAT = "dwarf-with-dsym";
				ENABLE_NS_ASSERTIONS = NO;
				ENABLE_STRICT_OBJC_MSGSEND = YES;
				GCC_C_LANGUAGE_STANDARD = gnu99;
				GCC_NO_COMMON_BLOCKS = YES;
				GCC_WARN_64_TO_32_BIT_CONVERSION = YES;
				GCC_WARN_ABOUT_RETURN_TYPE = YES_ERROR;
				GCC_WARN_UNDECLARED_SELECTOR = YES;
				GCC_WARN_UNINITIALIZED_AUTOS = YES_AGGRESSIVE;
				GCC_WARN_UNUSED_FUNCTION = YES;
				GCC_WARN_UNUSED_VARIABLE = YES;
				IPHONEOS_DEPLOYMENT_TARGET = 9.3;
				MTL_ENABLE_DEBUG_INFO = NO;
				SDKROOT = iphoneos;
				TARGETED_DEVICE_FAMILY = "1,2";
				VALIDATE_PRODUCT = YES;
			};
			name = Release;
		};
		63495D311DE4F9AA008C51E5 /* Debug */ = {
			isa = XCBuildConfiguration;
			buildSettings = {
				ASSETCATALOG_COMPILER_APPICON_NAME = AppIcon;
				DEVELOPMENT_TEAM = 2NP85M2W3W;
				FRAMEWORK_SEARCH_PATHS = (
					"$(inherited)",
					"$(PROJECT_DIR)",
				);
				INFOPLIST_FILE = Protocolo/Info.plist;
				IPHONEOS_DEPLOYMENT_TARGET = 9.0;
				LD_RUNPATH_SEARCH_PATHS = "$(inherited) @executable_path/Frameworks";
				PRODUCT_BUNDLE_IDENTIFIER = batista.kleiton.Protocolo;
				PRODUCT_NAME = "$(TARGET_NAME)";
				SWIFT_VERSION = 3.0;
			};
			name = Debug;
		};
		63495D321DE4F9AA008C51E5 /* Release */ = {
			isa = XCBuildConfiguration;
			buildSettings = {
				ASSETCATALOG_COMPILER_APPICON_NAME = AppIcon;
				DEVELOPMENT_TEAM = 2NP85M2W3W;
				FRAMEWORK_SEARCH_PATHS = (
					"$(inherited)",
					"$(PROJECT_DIR)",
				);
				INFOPLIST_FILE = Protocolo/Info.plist;
				IPHONEOS_DEPLOYMENT_TARGET = 9.0;
				LD_RUNPATH_SEARCH_PATHS = "$(inherited) @executable_path/Frameworks";
				PRODUCT_BUNDLE_IDENTIFIER = batista.kleiton.Protocolo;
				PRODUCT_NAME = "$(TARGET_NAME)";
				SWIFT_VERSION = 3.0;
			};
			name = Release;
		};
/* End XCBuildConfiguration section */

/* Begin XCConfigurationList section */
		63495D161DE4F9AA008C51E5 /* Build configuration list for PBXProject "Protocolo" */ = {
			isa = XCConfigurationList;
			buildConfigurations = (
				63495D2E1DE4F9AA008C51E5 /* Debug */,
				63495D2F1DE4F9AA008C51E5 /* Release */,
			);
			defaultConfigurationIsVisible = 0;
			defaultConfigurationName = Release;
		};
		63495D301DE4F9AA008C51E5 /* Build configuration list for PBXNativeTarget "Protocolo" */ = {
			isa = XCConfigurationList;
			buildConfigurations = (
				63495D311DE4F9AA008C51E5 /* Debug */,
				63495D321DE4F9AA008C51E5 /* Release */,
			);
			defaultConfigurationIsVisible = 0;
			defaultConfigurationName = Release;
		};
/* End XCConfigurationList section */

/* Begin XCVersionGroup section */
		63495D251DE4F9AA008C51E5 /* Protocolo.xcdatamodeld */ = {
			isa = XCVersionGroup;
			children = (
				63495D261DE4F9AA008C51E5 /* Protocolo.xcdatamodel */,
			);
			currentVersion = 63495D261DE4F9AA008C51E5 /* Protocolo.xcdatamodel */;
			path = Protocolo.xcdatamodeld;
			sourceTree = "<group>";
			versionGroupType = wrapper.xcdatamodel;
		};
/* End XCVersionGroup section */
	};
	rootObject = 63495D131DE4F9AA008C51E5 /* Project object */;
}
